
Microsoft Visual Studio Solution File, Format Version 12.00
# Visual Studio 15
VisualStudioVersion = 15.0.28307.902
MinimumVisualStudioVersion = 10.0.40219.1
Project("{FAE04EC0-301F-11D3-BF4B-00C04F79EFBC}") = "CUMS", "CUMS\CUMS.csproj", "{67F1CE20-054D-4A5B-B6B9-E6E0AA50336E}"
EndProject
Global
	GlobalSection(SolutionConfigurationPlatforms) = preSolution
		Debug|Any CPU = Debug|Any CPU
		Release|Any CPU = Release|Any CPU
	EndGlobalSection
	GlobalSection(ProjectConfigurationPlatforms) = postSolution
		{67F1CE20-054D-4A5B-B6B9-E6E0AA50336E}.Debug|Any CPU.ActiveCfg = Debug|Any CPU
		{67F1CE20-054D-4A5B-B6B9-E6E0AA50336E}.Debug|Any CPU.Build.0 = Debug|Any CPU
		{67F1CE20-054D-4A5B-B6B9-E6E0AA50336E}.Release|Any CPU.ActiveCfg = Release|Any CPU
		{67F1CE20-054D-4A5B-B6B9-E6E0AA50336E}.Release|Any CPU.Build.0 = Release|Any CPU
	EndGlobalSection
	GlobalSection(SolutionProperties) = preSolution
		HideSolutionNode = FALSE
	EndGlobalSection
	GlobalSection(ExtensibilityGlobals) = postSolution
		SolutionGuid = {B52CEA17-68EA-464A-AC62-5D5D3FA96021}
	EndGlobalSection
EndGlobal
